version = 1
revision = 2
requires-python = ">=3.13"

[[package]]
name = "amaranth"
version = "0.5.7"
source = { registry = "https://pypi.org/simple" }
dependencies = [
    { name = "jinja2" },
    { name = "jschon" },
    { name = "pyvcd" },
]
sdist = { url = "https://files.pythonhosted.org/packages/9b/e7/d3b99bf587876a1f623d023b7ecb55e4e316d79146913fde8967e9d14e4d/amaranth-0.5.7.tar.gz", hash = "sha256:31ea9065a9e9b7ec29e733780f398c0245d8e6044169dc84109c552caccc5e60", size = 226748, upload-time = "2025-07-18T20:55:01.259Z" }
wheels = [
    { url = "https://files.pythonhosted.org/packages/88/a0/9c1a65f09f81a4ef485e280c47f953477acfab42f614a6a102108490fe36/amaranth-0.5.7-py3-none-any.whl", hash = "sha256:e32654a8d4ba9cdbd28dc9fe0c3ffc94bd281f7effe5532af9069e7b8110db18", size = 253785, upload-time = "2025-07-18T20:54:59.922Z" },
]

[[package]]
name = "amaranth-yosys"
version = "0.50.0.0.post115"
source = { registry = "https://pypi.org/simple" }
dependencies = [
    { name = "wasmtime" },
]
wheels = [
    { url = "https://files.pythonhosted.org/packages/1e/58/ac549b1d8d25205a21d008886fe04cd8d475426b120b8660b25f996d65c7/amaranth_yosys-0.50.0.0.post115-py3-none-any.whl", hash = "sha256:a37253df4c1b782dc981430e38f796165b58de13e158e21160ae043105d38ba0", size = 11064311, upload-time = "2025-08-21T01:59:25.142Z" },
]

[[package]]
name = "atomics"
version = "1.0.3"
source = { registry = "https://pypi.org/simple" }
dependencies = [
    { name = "cffi" },
]
sdist = { url = "https://files.pythonhosted.org/packages/e8/65/240802d5c149fbd3ef08f322fc9b072fb1176b6bfca4ed8b16e611998de0/atomics-1.0.3.tar.gz", hash = "sha256:97cb3f7514c1ac6cdf8900891565327b03bcf93e443989433ae0fe3a03187954", size = 44203, upload-time = "2025-01-03T12:48:51.308Z" }
wheels = [
    { url = "https://files.pythonhosted.org/packages/8d/e7/cbc923d1eaf4d922bbc1cf8b76edb18cbfcbcebdf6b6be5f14eee24fc3c0/atomics-1.0.3-py36.py37.py38.py39.py310.py311-none-macosx_10_9_universal2.whl", hash = "sha256:4a6b7bec9525683e128774916e045462ee9fae848c0fa416692c7ff7e2a7f032", size = 71489, upload-time = "2025-01-03T12:48:25.422Z" },
    { url = "https://files.pythonhosted.org/packages/21/4f/daed7e3bab85a5d214a17feba7764e90ae5d9be9002780dbf7df49a93397/atomics-1.0.3-py36.py37.py38.py39.py310.py311-none-macosx_10_9_x86_64.whl", hash = "sha256:a4262ca6b5cbe167c30ebabc23cca0607c20c6e5293b8555ffbbeb020ecc850b", size = 70283, upload-time = "2025-01-03T12:48:26.513Z" },
    { url = "https://files.pythonhosted.org/packages/a9/ed/4086d2b88ff42fd756f38d82d78d45ed0faa21dbabbd7eb93cf166e57ebd/atomics-1.0.3-py36.py37.py38.py39.py310.py311-none-macosx_11_0_arm64.whl", hash = "sha256:d32c51d74d2f8ffc4554b1431d51c2261493bb7a338dc98dd669c356e1b493dd", size = 71212, upload-time = "2025-01-03T12:48:28.768Z" },
    { url = "https://files.pythonhosted.org/packages/b3/d7/eebadf02b8ec5779abced24d0cdd53ed092dcfdbcbd1e0ead95d4c25d563/atomics-1.0.3-py36.py37.py38.py39.py310.py311-none-manylinux_2_17_aarch64.manylinux2014_aarch64.whl", hash = "sha256:53d5e875baf490b0e5d06578076758bd1257223b6bf4c76969034ffab4e9e5a8", size = 237178, upload-time = "2025-01-03T12:48:29.707Z" },
    { url = "https://files.pythonhosted.org/packages/98/8c/db21c91987bbaf73194c00fc6ef134cc7ff5f9980bc6abee500bb6ae3ac2/atomics-1.0.3-py36.py37.py38.py39.py310.py311-none-manylinux_2_17_ppc64le.manylinux2014_ppc64le.whl", hash = "sha256:ae378312bf3c7cd978e0322dadfb15582995494ad8bc1195713210491291b1ec", size = 202882, upload-time = "2025-01-03T12:48:31.964Z" },
    { url = "https://files.pythonhosted.org/packages/83/77/f8251d38d52f9c16c5c5e028afc453f5022b131b3cedf904ba22ac5edd5b/atomics-1.0.3-py36.py37.py38.py39.py310.py311-none-manylinux_2_17_s390x.manylinux2014_s390x.whl", hash = "sha256:19b4deec2c236d9bd81a2ffa4e45514c64663d5c50a2b028f5b146e209110f39", size = 218881, upload-time = "2025-01-03T12:48:34.206Z" },
    { url = "https://files.pythonhosted.org/packages/c8/15/0a881091d36e7b0a536cff684b3b45708940c7d58be4f872b1b79fa01923/atomics-1.0.3-py36.py37.py38.py39.py310.py311-none-manylinux_2_5_i686.manylinux1_i686.manylinux_2_17_i686.manylinux2014_i686.whl", hash = "sha256:0d3b5e05d351e3166088a931d039a953adc2a31a6f75ca553ec32b7b7ce372e3", size = 192997, upload-time = "2025-01-03T12:48:36.517Z" },
    { url = "https://files.pythonhosted.org/packages/c3/ad/7844f3e4e33cd3d770dd66dd8c0d091e5ff81851235ff4ccbbda760e7264/atomics-1.0.3-py36.py37.py38.py39.py310.py311-none-manylinux_2_5_x86_64.manylinux1_x86_64.manylinux_2_17_x86_64.manylinux2014_x86_64.whl", hash = "sha256:19ed27f1ae3fe3353e9103e6d6f54af83e56a929f78ba061ae2e8e9435101daa", size = 191539, upload-time = "2025-01-03T12:48:37.589Z" },
    { url = "https://files.pythonhosted.org/packages/46/3f/6a6acb609f23d9836c472ec3c78e05bab5fb406001adfac890cdc3aef086/atomics-1.0.3-py36.py37.py38.py39.py310.py311-none-musllinux_1_2_aarch64.whl", hash = "sha256:5392357c9da521d7618e6514913cda364fa3314a60c8eccedbeed197616f74f6", size = 232512, upload-time = "2025-01-03T12:48:38.722Z" },
    { url = "https://files.pythonhosted.org/packages/39/91/c466393543396cef27b8277e18c667be094068b59cc42ec1f09acfd73b76/atomics-1.0.3-py36.py37.py38.py39.py310.py311-none-musllinux_1_2_i686.whl", hash = "sha256:bcc1227b5b25fd1770738f6183201456b3777460c9e93f8027e5116c846a951e", size = 162208, upload-time = "2025-01-03T12:48:40.768Z" },
    { url = "https://files.pythonhosted.org/packages/47/27/5df3af055614b5695e3832fc6b5e936b4e9b4f86ad15b682e26175cedf0b/atomics-1.0.3-py36.py37.py38.py39.py310.py311-none-musllinux_1_2_ppc64le.whl", hash = "sha256:c67ea8557d6214656400f8ea2188525677bdb57a91649037fba944f391104bd5", size = 200332, upload-time = "2025-01-03T12:48:42.234Z" },
    { url = "https://files.pythonhosted.org/packages/52/f6/86d7c6753647c66ef5103001a0cd6d96eba9f035b6c5df01dea918100a71/atomics-1.0.3-py36.py37.py38.py39.py310.py311-none-musllinux_1_2_s390x.whl", hash = "sha256:944d37eff284ea582ad07b0fb06c030d0c82cfabb27a807c5f6abe72a5d93dca", size = 217185, upload-time = "2025-01-03T12:48:44.518Z" },
    { url = "https://files.pythonhosted.org/packages/db/6f/efa448f77bfb4d4c53fe56cbaba98b61480b789da9139e6836df236417c5/atomics-1.0.3-py36.py37.py38.py39.py310.py311-none-musllinux_1_2_x86_64.whl", hash = "sha256:7d2e931185ba9fc541b3d2ab0a4c317e16cf57c4246a6842d38764c144a47304", size = 185654, upload-time = "2025-01-03T12:48:46.986Z" },
    { url = "https://files.pythonhosted.org/packages/69/1c/b283c14acc0145731e92c6fa86098a6be96fd831680f5695c06fc65f497d/atomics-1.0.3-py36.py37.py38.py39.py310.py311-none-win32.whl", hash = "sha256:b0998c0b956c85f2b135f343386359cf63249dc9508e555147fa9a856d42010c", size = 59091, upload-time = "2025-01-03T12:48:48.254Z" },
    { url = "https://files.pythonhosted.org/packages/b6/6e/02eee4fde6ff5fccedbbff8a6b390d32a974aaa1d4518c760a1f4736b55a/atomics-1.0.3-py36.py37.py38.py39.py310.py311-none-win_amd64.whl", hash = "sha256:8e9b4d07026e6363d385cf8be767d1f35338e3c63fd44ec1e742734406b5f87d", size = 62419, upload-time = "2025-01-03T12:48:49.229Z" },
    { url = "https://files.pythonhosted.org/packages/09/cd/c0faecd5482be2cd9e20882478802557be1f69e84f62b8af01fb108b47db/atomics-1.0.3-py36.py37.py38.py39.py310.py311-none-win_arm64.whl", hash = "sha256:0dd94388b3de1a9191a360d293e14d300ad89d5740801ea91362c5ceeb50de37", size = 61231, upload-time = "2025-01-03T12:48:50.187Z" },
]

[[package]]
name = "cffi"
version = "1.17.1"
source = { registry = "https://pypi.org/simple" }
dependencies = [
    { name = "pycparser" },
]
sdist = { url = "https://files.pythonhosted.org/packages/fc/97/c783634659c2920c3fc70419e3af40972dbaf758daa229a7d6ea6135c90d/cffi-1.17.1.tar.gz", hash = "sha256:1c39c6016c32bc48dd54561950ebd6836e1670f2ae46128f67cf49e789c52824", size = 516621, upload-time = "2024-09-04T20:45:21.852Z" }
wheels = [
    { url = "https://files.pythonhosted.org/packages/8d/f8/dd6c246b148639254dad4d6803eb6a54e8c85c6e11ec9df2cffa87571dbe/cffi-1.17.1-cp313-cp313-macosx_10_13_x86_64.whl", hash = "sha256:f3a2b4222ce6b60e2e8b337bb9596923045681d71e5a082783484d845390938e", size = 182989, upload-time = "2024-09-04T20:44:28.956Z" },
    { url = "https://files.pythonhosted.org/packages/8b/f1/672d303ddf17c24fc83afd712316fda78dc6fce1cd53011b839483e1ecc8/cffi-1.17.1-cp313-cp313-macosx_11_0_arm64.whl", hash = "sha256:0984a4925a435b1da406122d4d7968dd861c1385afe3b45ba82b750f229811e2", size = 178802, upload-time = "2024-09-04T20:44:30.289Z" },
    { url = "https://files.pythonhosted.org/packages/0e/2d/eab2e858a91fdff70533cab61dcff4a1f55ec60425832ddfdc9cd36bc8af/cffi-1.17.1-cp313-cp313-manylinux_2_12_i686.manylinux2010_i686.manylinux_2_17_i686.manylinux2014_i686.whl", hash = "sha256:d01b12eeeb4427d3110de311e1774046ad344f5b1a7403101878976ecd7a10f3", size = 454792, upload-time = "2024-09-04T20:44:32.01Z" },
    { url = "https://files.pythonhosted.org/packages/75/b2/fbaec7c4455c604e29388d55599b99ebcc250a60050610fadde58932b7ee/cffi-1.17.1-cp313-cp313-manylinux_2_17_aarch64.manylinux2014_aarch64.whl", hash = "sha256:706510fe141c86a69c8ddc029c7910003a17353970cff3b904ff0686a5927683", size = 478893, upload-time = "2024-09-04T20:44:33.606Z" },
    { url = "https://files.pythonhosted.org/packages/4f/b7/6e4a2162178bf1935c336d4da8a9352cccab4d3a5d7914065490f08c0690/cffi-1.17.1-cp313-cp313-manylinux_2_17_ppc64le.manylinux2014_ppc64le.whl", hash = "sha256:de55b766c7aa2e2a3092c51e0483d700341182f08e67c63630d5b6f200bb28e5", size = 485810, upload-time = "2024-09-04T20:44:35.191Z" },
    { url = "https://files.pythonhosted.org/packages/c7/8a/1d0e4a9c26e54746dc08c2c6c037889124d4f59dffd853a659fa545f1b40/cffi-1.17.1-cp313-cp313-manylinux_2_17_s390x.manylinux2014_s390x.whl", hash = "sha256:c59d6e989d07460165cc5ad3c61f9fd8f1b4796eacbd81cee78957842b834af4", size = 471200, upload-time = "2024-09-04T20:44:36.743Z" },
    { url = "https://files.pythonhosted.org/packages/26/9f/1aab65a6c0db35f43c4d1b4f580e8df53914310afc10ae0397d29d697af4/cffi-1.17.1-cp313-cp313-manylinux_2_17_x86_64.manylinux2014_x86_64.whl", hash = "sha256:dd398dbc6773384a17fe0d3e7eeb8d1a21c2200473ee6806bb5e6a8e62bb73dd", size = 479447, upload-time = "2024-09-04T20:44:38.492Z" },
    { url = "https://files.pythonhosted.org/packages/5f/e4/fb8b3dd8dc0e98edf1135ff067ae070bb32ef9d509d6cb0f538cd6f7483f/cffi-1.17.1-cp313-cp313-musllinux_1_1_aarch64.whl", hash = "sha256:3edc8d958eb099c634dace3c7e16560ae474aa3803a5df240542b305d14e14ed", size = 484358, upload-time = "2024-09-04T20:44:40.046Z" },
    { url = "https://files.pythonhosted.org/packages/f1/47/d7145bf2dc04684935d57d67dff9d6d795b2ba2796806bb109864be3a151/cffi-1.17.1-cp313-cp313-musllinux_1_1_x86_64.whl", hash = "sha256:72e72408cad3d5419375fc87d289076ee319835bdfa2caad331e377589aebba9", size = 488469, upload-time = "2024-09-04T20:44:41.616Z" },
    { url = "https://files.pythonhosted.org/packages/bf/ee/f94057fa6426481d663b88637a9a10e859e492c73d0384514a17d78ee205/cffi-1.17.1-cp313-cp313-win32.whl", hash = "sha256:e03eab0a8677fa80d646b5ddece1cbeaf556c313dcfac435ba11f107ba117b5d", size = 172475, upload-time = "2024-09-04T20:44:43.733Z" },
    { url = "https://files.pythonhosted.org/packages/7c/fc/6a8cb64e5f0324877d503c854da15d76c1e50eb722e320b15345c4d0c6de/cffi-1.17.1-cp313-cp313-win_amd64.whl", hash = "sha256:f6a16c31041f09ead72d69f583767292f750d24913dadacf5756b966aacb3f1a", size = 182009, upload-time = "2024-09-04T20:44:45.309Z" },
]

[[package]]
name = "cocotb"
version = "1.9.2"
source = { registry = "https://pypi.org/simple" }
dependencies = [
    { name = "find-libpython" },
]
sdist = { url = "https://files.pythonhosted.org/packages/5c/dc/4bd01e86f7ad85dfc6eec681a94db1a856aa35c58777a297e271100ac24c/cocotb-1.9.2.tar.gz", hash = "sha256:e4cdeaf51ec1b14e5430083ac56edc0b48ad05184f0307d90de44ff7bfdb1652", size = 300696, upload-time = "2024-10-26T19:11:30.247Z" }
wheels = [
    { url = "https://files.pythonhosted.org/packages/4a/9b/68332cd317d449c32e5ed8318343805f59e73481d6c5dcb01b8060ac412e/cocotb-1.9.2-cp313-cp313-macosx_10_13_x86_64.whl", hash = "sha256:a60f6b3c4e4f5e9265a18c86927af1d773fb79b32edf577ce2ba8d59d74acafc", size = 611792, upload-time = "2024-10-26T19:10:44.426Z" },
    { url = "https://files.pythonhosted.org/packages/9a/79/dadc212d62e57bc381ab403bae8a442b8903f84c4807075bd236071092ce/cocotb-1.9.2-cp313-cp313-manylinux_2_17_x86_64.manylinux2014_x86_64.whl", hash = "sha256:9cc00e5ddf5fea392a8a3406869396c7e5a736a08afc8e0fe45ad159151438ba", size = 4213277, upload-time = "2024-10-26T19:10:46.308Z" },
    { url = "https://files.pythonhosted.org/packages/a0/22/4578c0f67443ae00e63f6d9987bd48287b1ad141941780277a9bd8faa4ce/cocotb-1.9.2-cp313-cp313-manylinux_2_5_i686.manylinux1_i686.manylinux_2_17_i686.manylinux2014_i686.whl", hash = "sha256:6264826ee4dd6acc678dd2572f3cd683da6a48013af82de81bf8a45b5e064b8e", size = 4094427, upload-time = "2024-10-26T19:10:48.472Z" },
    { url = "https://files.pythonhosted.org/packages/29/71/6b77f173866dd64f3b898ec15ec1103eee43fb7b212108e51fea9b866a67/cocotb-1.9.2-cp313-cp313-win32.whl", hash = "sha256:7cdb25ca9dd2483d96f30b1cf3c070e4a6527d43e0af2d66660de29727c81cd4", size = 492087, upload-time = "2024-10-26T19:10:50.255Z" },
    { url = "https://files.pythonhosted.org/packages/01/f0/71d15e3735df2135f600cac25e2174c7fee55d250e46a00fe800417c1aab/cocotb-1.9.2-cp313-cp313-win_amd64.whl", hash = "sha256:c816972ec4b3360372075fb0563cf98e8ad7d0f158e8dfe3165824936383a888", size = 523541, upload-time = "2024-10-26T19:10:51.78Z" },
]

[[package]]
name = "colorama"
version = "0.4.6"
source = { registry = "https://pypi.org/simple" }
sdist = { url = "https://files.pythonhosted.org/packages/d8/53/6f443c9a4a8358a93a6792e2acffb9d9d5cb0a5cfd8802644b7b1c9a02e4/colorama-0.4.6.tar.gz", hash = "sha256:08695f5cb7ed6e0531a20572697297273c47b8cae5a63ffc6d6ed5c201be6e44", size = 27697, upload-time = "2022-10-25T02:36:22.414Z" }
wheels = [
    { url = "https://files.pythonhosted.org/packages/d1/d6/3965ed04c63042e047cb6a3e6ed1a63a35087b6a609aa3a15ed8ac56c221/colorama-0.4.6-py2.py3-none-any.whl", hash = "sha256:4f1d9991f5acc0ca119f9d443620b77f9d6b33703e51011c16baf57afb285fc6", size = 25335, upload-time = "2022-10-25T02:36:20.889Z" },
]

[[package]]
name = "find-libpython"
version = "0.4.1"
source = { registry = "https://pypi.org/simple" }
sdist = { url = "https://files.pythonhosted.org/packages/16/19/edd1da36c129fea75b82c3c079fc8ba72de945515364d660962e5c922ae3/find_libpython-0.4.1.tar.gz", hash = "sha256:7e6edbbaaa8648c8c7c13c54b127653c83cfb01a853db7e5b1ee2e97c10b2353", size = 9005, upload-time = "2025-05-31T21:32:51.512Z" }
wheels = [
    { url = "https://files.pythonhosted.org/packages/02/6f/a3248471536a785379969642604fe7ff576520a8b4d4f820ecfd45639f35/find_libpython-0.4.1-py3-none-any.whl", hash = "sha256:22e522957e05f293c3403d0122c77d18007c5196f61054905c480e01b75fa236", size = 8751, upload-time = "2025-05-31T21:32:50.171Z" },
]

[[package]]
name = "importlib-resources"
version = "6.5.2"
source = { registry = "https://pypi.org/simple" }
sdist = { url = "https://files.pythonhosted.org/packages/cf/8c/f834fbf984f691b4f7ff60f50b514cc3de5cc08abfc3295564dd89c5e2e7/importlib_resources-6.5.2.tar.gz", hash = "sha256:185f87adef5bcc288449d98fb4fba07cea78bc036455dd44c5fc4a2fe78fed2c", size = 44693, upload-time = "2025-01-03T18:51:56.698Z" }
wheels = [
    { url = "https://files.pythonhosted.org/packages/a4/ed/1f1afb2e9e7f38a545d628f864d562a5ae64fe6f7a10e28ffb9b185b4e89/importlib_resources-6.5.2-py3-none-any.whl", hash = "sha256:789cfdc3ed28c78b67a06acb8126751ced69a3d5f79c095a98298cd8a760ccec", size = 37461, upload-time = "2025-01-03T18:51:54.306Z" },
]

[[package]]
name = "iniconfig"
version = "2.1.0"
source = { registry = "https://pypi.org/simple" }
sdist = { url = "https://files.pythonhosted.org/packages/f2/97/ebf4da567aa6827c909642694d71c9fcf53e5b504f2d96afea02718862f3/iniconfig-2.1.0.tar.gz", hash = "sha256:3abbd2e30b36733fee78f9c7f7308f2d0050e88f0087fd25c2645f63c773e1c7", size = 4793, upload-time = "2025-03-19T20:09:59.721Z" }
wheels = [
    { url = "https://files.pythonhosted.org/packages/2c/e1/e6716421ea10d38022b952c159d5161ca1193197fb744506875fbb87ea7b/iniconfig-2.1.0-py3-none-any.whl", hash = "sha256:9deba5723312380e77435581c6bf4935c94cbfab9b1ed33ef8d238ea168eb760", size = 6050, upload-time = "2025-03-19T20:10:01.071Z" },
]

[[package]]
name = "jinja2"
version = "3.1.6"
source = { registry = "https://pypi.org/simple" }
dependencies = [
    { name = "markupsafe" },
]
sdist = { url = "https://files.pythonhosted.org/packages/df/bf/f7da0350254c0ed7c72f3e33cef02e048281fec7ecec5f032d4aac52226b/jinja2-3.1.6.tar.gz", hash = "sha256:0137fb05990d35f1275a587e9aee6d56da821fc83491a0fb838183be43f66d6d", size = 245115, upload-time = "2025-03-05T20:05:02.478Z" }
wheels = [
    { url = "https://files.pythonhosted.org/packages/62/a1/3d680cbfd5f4b8f15abc1d571870c5fc3e594bb582bc3b64ea099db13e56/jinja2-3.1.6-py3-none-any.whl", hash = "sha256:85ece4451f492d0c13c5dd7c13a64681a86afae63a5f347908daf103ce6d2f67", size = 134899, upload-time = "2025-03-05T20:05:00.369Z" },
]

[[package]]
name = "jschon"
version = "0.11.1"
source = { registry = "https://pypi.org/simple" }
dependencies = [
    { name = "rfc3986" },
]
sdist = { url = "https://files.pythonhosted.org/packages/7b/8b/5cbfbb4751533027ba97a59dfe4c9e694fbceaf549fa9cd7cb9a6066bd60/jschon-0.11.1.tar.gz", hash = "sha256:c0ca0beab1f1694a03d726b91ed75ec604a7787af3ae91ead765f78215bf149f", size = 69411, upload-time = "2023-10-22T11:38:58.897Z" }
wheels = [
    { url = "https://files.pythonhosted.org/packages/ce/b1/31f454a2ac0d23b0a47283d115f0af4abe2a1ea391f5ccb223e02d685b82/jschon-0.11.1-py3-none-any.whl", hash = "sha256:2350e8b6747b17358022960f91208bea70de448b914827af3184d30e20500f0f", size = 66971, upload-time = "2023-10-22T11:38:57.475Z" },
]

[[package]]
name = "markupsafe"
version = "3.0.2"
source = { registry = "https://pypi.org/simple" }
sdist = { url = "https://files.pythonhosted.org/packages/b2/97/5d42485e71dfc078108a86d6de8fa46db44a1a9295e89c5d6d4a06e23a62/markupsafe-3.0.2.tar.gz", hash = "sha256:ee55d3edf80167e48ea11a923c7386f4669df67d7994554387f84e7d8b0a2bf0", size = 20537, upload-time = "2024-10-18T15:21:54.129Z" }
wheels = [
    { url = "https://files.pythonhosted.org/packages/83/0e/67eb10a7ecc77a0c2bbe2b0235765b98d164d81600746914bebada795e97/MarkupSafe-3.0.2-cp313-cp313-macosx_10_13_universal2.whl", hash = "sha256:ba9527cdd4c926ed0760bc301f6728ef34d841f405abf9d4f959c478421e4efd", size = 14274, upload-time = "2024-10-18T15:21:24.577Z" },
    { url = "https://files.pythonhosted.org/packages/2b/6d/9409f3684d3335375d04e5f05744dfe7e9f120062c9857df4ab490a1031a/MarkupSafe-3.0.2-cp313-cp313-macosx_11_0_arm64.whl", hash = "sha256:f8b3d067f2e40fe93e1ccdd6b2e1d16c43140e76f02fb1319a05cf2b79d99430", size = 12352, upload-time = "2024-10-18T15:21:25.382Z" },
    { url = "https://files.pythonhosted.org/packages/d2/f5/6eadfcd3885ea85fe2a7c128315cc1bb7241e1987443d78c8fe712d03091/MarkupSafe-3.0.2-cp313-cp313-manylinux_2_17_aarch64.manylinux2014_aarch64.whl", hash = "sha256:569511d3b58c8791ab4c2e1285575265991e6d8f8700c7be0e88f86cb0672094", size = 24122, upload-time = "2024-10-18T15:21:26.199Z" },
    { url = "https://files.pythonhosted.org/packages/0c/91/96cf928db8236f1bfab6ce15ad070dfdd02ed88261c2afafd4b43575e9e9/MarkupSafe-3.0.2-cp313-cp313-manylinux_2_17_x86_64.manylinux2014_x86_64.whl", hash = "sha256:15ab75ef81add55874e7ab7055e9c397312385bd9ced94920f2802310c930396", size = 23085, upload-time = "2024-10-18T15:21:27.029Z" },
    { url = "https://files.pythonhosted.org/packages/c2/cf/c9d56af24d56ea04daae7ac0940232d31d5a8354f2b457c6d856b2057d69/MarkupSafe-3.0.2-cp313-cp313-manylinux_2_5_i686.manylinux1_i686.manylinux_2_17_i686.manylinux2014_i686.whl", hash = "sha256:f3818cb119498c0678015754eba762e0d61e5b52d34c8b13d770f0719f7b1d79", size = 22978, upload-time = "2024-10-18T15:21:27.846Z" },
    { url = "https://files.pythonhosted.org/packages/2a/9f/8619835cd6a711d6272d62abb78c033bda638fdc54c4e7f4272cf1c0962b/MarkupSafe-3.0.2-cp313-cp313-musllinux_1_2_aarch64.whl", hash = "sha256:cdb82a876c47801bb54a690c5ae105a46b392ac6099881cdfb9f6e95e4014c6a", size = 24208, upload-time = "2024-10-18T15:21:28.744Z" },
    { url = "https://files.pythonhosted.org/packages/f9/bf/176950a1792b2cd2102b8ffeb5133e1ed984547b75db47c25a67d3359f77/MarkupSafe-3.0.2-cp313-cp313-musllinux_1_2_i686.whl", hash = "sha256:cabc348d87e913db6ab4aa100f01b08f481097838bdddf7c7a84b7575b7309ca", size = 23357, upload-time = "2024-10-18T15:21:29.545Z" },
    { url = "https://files.pythonhosted.org/packages/ce/4f/9a02c1d335caabe5c4efb90e1b6e8ee944aa245c1aaaab8e8a618987d816/MarkupSafe-3.0.2-cp313-cp313-musllinux_1_2_x86_64.whl", hash = "sha256:444dcda765c8a838eaae23112db52f1efaf750daddb2d9ca300bcae1039adc5c", size = 23344, upload-time = "2024-10-18T15:21:30.366Z" },
    { url = "https://files.pythonhosted.org/packages/ee/55/c271b57db36f748f0e04a759ace9f8f759ccf22b4960c270c78a394f58be/MarkupSafe-3.0.2-cp313-cp313-win32.whl", hash = "sha256:bcf3e58998965654fdaff38e58584d8937aa3096ab5354d493c77d1fdd66d7a1", size = 15101, upload-time = "2024-10-18T15:21:31.207Z" },
    { url = "https://files.pythonhosted.org/packages/29/88/07df22d2dd4df40aba9f3e402e6dc1b8ee86297dddbad4872bd5e7b0094f/MarkupSafe-3.0.2-cp313-cp313-win_amd64.whl", hash = "sha256:e6a2a455bd412959b57a172ce6328d2dd1f01cb2135efda2e4576e8a23fa3b0f", size = 15603, upload-time = "2024-10-18T15:21:32.032Z" },
    { url = "https://files.pythonhosted.org/packages/62/6a/8b89d24db2d32d433dffcd6a8779159da109842434f1dd2f6e71f32f738c/MarkupSafe-3.0.2-cp313-cp313t-macosx_10_13_universal2.whl", hash = "sha256:b5a6b3ada725cea8a5e634536b1b01c30bcdcd7f9c6fff4151548d5bf6b3a36c", size = 14510, upload-time = "2024-10-18T15:21:33.625Z" },
    { url = "https://files.pythonhosted.org/packages/7a/06/a10f955f70a2e5a9bf78d11a161029d278eeacbd35ef806c3fd17b13060d/MarkupSafe-3.0.2-cp313-cp313t-macosx_11_0_arm64.whl", hash = "sha256:a904af0a6162c73e3edcb969eeeb53a63ceeb5d8cf642fade7d39e7963a22ddb", size = 12486, upload-time = "2024-10-18T15:21:34.611Z" },
    { url = "https://files.pythonhosted.org/packages/34/cf/65d4a571869a1a9078198ca28f39fba5fbb910f952f9dbc5220afff9f5e6/MarkupSafe-3.0.2-cp313-cp313t-manylinux_2_17_aarch64.manylinux2014_aarch64.whl", hash = "sha256:4aa4e5faecf353ed117801a068ebab7b7e09ffb6e1d5e412dc852e0da018126c", size = 25480, upload-time = "2024-10-18T15:21:35.398Z" },
    { url = "https://files.pythonhosted.org/packages/0c/e3/90e9651924c430b885468b56b3d597cabf6d72be4b24a0acd1fa0e12af67/MarkupSafe-3.0.2-cp313-cp313t-manylinux_2_17_x86_64.manylinux2014_x86_64.whl", hash = "sha256:c0ef13eaeee5b615fb07c9a7dadb38eac06a0608b41570d8ade51c56539e509d", size = 23914, upload-time = "2024-10-18T15:21:36.231Z" },
    { url = "https://files.pythonhosted.org/packages/66/8c/6c7cf61f95d63bb866db39085150df1f2a5bd3335298f14a66b48e92659c/MarkupSafe-3.0.2-cp313-cp313t-manylinux_2_5_i686.manylinux1_i686.manylinux_2_17_i686.manylinux2014_i686.whl", hash = "sha256:d16a81a06776313e817c951135cf7340a3e91e8c1ff2fac444cfd75fffa04afe", size = 23796, upload-time = "2024-10-18T15:21:37.073Z" },
    { url = "https://files.pythonhosted.org/packages/bb/35/cbe9238ec3f47ac9a7c8b3df7a808e7cb50fe149dc7039f5f454b3fba218/MarkupSafe-3.0.2-cp313-cp313t-musllinux_1_2_aarch64.whl", hash = "sha256:6381026f158fdb7c72a168278597a5e3a5222e83ea18f543112b2662a9b699c5", size = 25473, upload-time = "2024-10-18T15:21:37.932Z" },
    { url = "https://files.pythonhosted.org/packages/e6/32/7621a4382488aa283cc05e8984a9c219abad3bca087be9ec77e89939ded9/MarkupSafe-3.0.2-cp313-cp313t-musllinux_1_2_i686.whl", hash = "sha256:3d79d162e7be8f996986c064d1c7c817f6df3a77fe3d6859f6f9e7be4b8c213a", size = 24114, upload-time = "2024-10-18T15:21:39.799Z" },
    { url = "https://files.pythonhosted.org/packages/0d/80/0985960e4b89922cb5a0bac0ed39c5b96cbc1a536a99f30e8c220a996ed9/MarkupSafe-3.0.2-cp313-cp313t-musllinux_1_2_x86_64.whl", hash = "sha256:131a3c7689c85f5ad20f9f6fb1b866f402c445b220c19fe4308c0b147ccd2ad9", size = 24098, upload-time = "2024-10-18T15:21:40.813Z" },
    { url = "https://files.pythonhosted.org/packages/82/78/fedb03c7d5380df2427038ec8d973587e90561b2d90cd472ce9254cf348b/MarkupSafe-3.0.2-cp313-cp313t-win32.whl", hash = "sha256:ba8062ed2cf21c07a9e295d5b8a2a5ce678b913b45fdf68c32d95d6c1291e0b6", size = 15208, upload-time = "2024-10-18T15:21:41.814Z" },
    { url = "https://files.pythonhosted.org/packages/4f/65/6079a46068dfceaeabb5dcad6d674f5f5c61a6fa5673746f42a9f4c233b3/MarkupSafe-3.0.2-cp313-cp313t-win_amd64.whl", hash = "sha256:e444a31f8db13eb18ada366ab3cf45fd4b31e4db1236a4448f68778c1d1a5a2f", size = 15739, upload-time = "2024-10-18T15:21:42.784Z" },
]

[[package]]
name = "packaging"
version = "25.0"
source = { registry = "https://pypi.org/simple" }
sdist = { url = "https://files.pythonhosted.org/packages/a1/d4/1fc4078c65507b51b96ca8f8c3ba19e6a61c8253c72794544580a7b6c24d/packaging-25.0.tar.gz", hash = "sha256:d443872c98d677bf60f6a1f2f8c1cb748e8fe762d2bf9d3148b5599295b0fc4f", size = 165727, upload-time = "2025-04-19T11:48:59.673Z" }
wheels = [
    { url = "https://files.pythonhosted.org/packages/20/12/38679034af332785aac8774540895e234f4d07f7545804097de4b666afd8/packaging-25.0-py3-none-any.whl", hash = "sha256:29572ef2b1f17581046b3a2227d5c611fb25ec70ca1ba8554b24b0e69331a484", size = 66469, upload-time = "2025-04-19T11:48:57.875Z" },
]

[[package]]
name = "pluggy"
version = "1.6.0"
source = { registry = "https://pypi.org/simple" }
sdist = { url = "https://files.pythonhosted.org/packages/f9/e2/3e91f31a7d2b083fe6ef3fa267035b518369d9511ffab804f839851d2779/pluggy-1.6.0.tar.gz", hash = "sha256:7dcc130b76258d33b90f61b658791dede3486c3e6bfb003ee5c9bfb396dd22f3", size = 69412, upload-time = "2025-05-15T12:30:07.975Z" }
wheels = [
    { url = "https://files.pythonhosted.org/packages/54/20/4d324d65cc6d9205fabedc306948156824eb9f0ee1633355a8f7ec5c66bf/pluggy-1.6.0-py3-none-any.whl", hash = "sha256:e920276dd6813095e9377c0bc5566d94c932c33b27a3e3945d8389c374dd4746", size = 20538, upload-time = "2025-05-15T12:30:06.134Z" },
]

[[package]]
name = "pycparser"
version = "2.22"
source = { registry = "https://pypi.org/simple" }
sdist = { url = "https://files.pythonhosted.org/packages/1d/b2/31537cf4b1ca988837256c910a668b553fceb8f069bedc4b1c826024b52c/pycparser-2.22.tar.gz", hash = "sha256:491c8be9c040f5390f5bf44a5b07752bd07f56edf992381b05c701439eec10f6", size = 172736, upload-time = "2024-03-30T13:22:22.564Z" }
wheels = [
    { url = "https://files.pythonhosted.org/packages/13/a3/a812df4e2dd5696d1f351d58b8fe16a405b234ad2886a0dab9183fb78109/pycparser-2.22-py3-none-any.whl", hash = "sha256:c3702b6d3dd8c7abc1afa565d7e63d53a1d0bd86cdc24edd75470f4de499cfcc", size = 117552, upload-time = "2024-03-30T13:22:20.476Z" },
]

[[package]]
name = "pygments"
version = "2.19.2"
source = { registry = "https://pypi.org/simple" }
sdist = { url = "https://files.pythonhosted.org/packages/b0/77/a5b8c569bf593b0140bde72ea885a803b82086995367bf2037de0159d924/pygments-2.19.2.tar.gz", hash = "sha256:636cb2477cec7f8952536970bc533bc43743542f70392ae026374600add5b887", size = 4968631, upload-time = "2025-06-21T13:39:12.283Z" }
wheels = [
    { url = "https://files.pythonhosted.org/packages/c7/21/705964c7812476f378728bdf590ca4b771ec72385c533964653c68e86bdc/pygments-2.19.2-py3-none-any.whl", hash = "sha256:86540386c03d588bb81d44bc3928634ff26449851e99741617ecb9037ee5ec0b", size = 1225217, upload-time = "2025-06-21T13:39:07.939Z" },
]

[[package]]
name = "pytest"
version = "8.4.1"
source = { registry = "https://pypi.org/simple" }
dependencies = [
    { name = "colorama", marker = "sys_platform == 'win32'" },
    { name = "iniconfig" },
    { name = "packaging" },
    { name = "pluggy" },
    { name = "pygments" },
]
sdist = { url = "https://files.pythonhosted.org/packages/08/ba/45911d754e8eba3d5a841a5ce61a65a685ff1798421ac054f85aa8747dfb/pytest-8.4.1.tar.gz", hash = "sha256:7c67fd69174877359ed9371ec3af8a3d2b04741818c51e5e99cc1742251fa93c", size = 1517714, upload-time = "2025-06-18T05:48:06.109Z" }
wheels = [
    { url = "https://files.pythonhosted.org/packages/29/16/c8a903f4c4dffe7a12843191437d7cd8e32751d5de349d45d3fe69544e87/pytest-8.4.1-py3-none-any.whl", hash = "sha256:539c70ba6fcead8e78eebbf1115e8b589e7565830d7d006a8723f19ac8a0afb7", size = 365474, upload-time = "2025-06-18T05:48:03.955Z" },
]

[[package]]
name = "pyvcd"
version = "0.4.1"
source = { registry = "https://pypi.org/simple" }
sdist = { url = "https://files.pythonhosted.org/packages/5a/0e/bbc8c4b8b5c2c1b072f891ecc63d5cca230ca09cf25f94ebb9b46dadc114/pyvcd-0.4.1.tar.gz", hash = "sha256:dc6275e95a7949b8236086ab2e6d03afede73441243ec5109c9ea89077f3d696", size = 39562, upload-time = "2024-11-10T22:58:47.397Z" }
wheels = [
    { url = "https://files.pythonhosted.org/packages/8d/6d/24f67ec6cbe90ffca470f3c31e24f3d21124abc5b690398ab34a54bd3070/pyvcd-0.4.1-py2.py3-none-any.whl", hash = "sha256:3a4c71d4dce741f1155a2ed11a6278390a0816293068f6162ad9658d20f75578", size = 23561, upload-time = "2024-11-10T22:58:46.015Z" },
]

[[package]]
name = "pyyaml"
version = "6.0.2"
source = { registry = "https://pypi.org/simple" }
sdist = { url = "https://files.pythonhosted.org/packages/54/ed/79a089b6be93607fa5cdaedf301d7dfb23af5f25c398d5ead2525b063e17/pyyaml-6.0.2.tar.gz", hash = "sha256:d584d9ec91ad65861cc08d42e834324ef890a082e591037abe114850ff7bbc3e", size = 130631, upload-time = "2024-08-06T20:33:50.674Z" }
wheels = [
    { url = "https://files.pythonhosted.org/packages/ef/e3/3af305b830494fa85d95f6d95ef7fa73f2ee1cc8ef5b495c7c3269fb835f/PyYAML-6.0.2-cp313-cp313-macosx_10_13_x86_64.whl", hash = "sha256:efdca5630322a10774e8e98e1af481aad470dd62c3170801852d752aa7a783ba", size = 181309, upload-time = "2024-08-06T20:32:43.4Z" },
    { url = "https://files.pythonhosted.org/packages/45/9f/3b1c20a0b7a3200524eb0076cc027a970d320bd3a6592873c85c92a08731/PyYAML-6.0.2-cp313-cp313-macosx_11_0_arm64.whl", hash = "sha256:50187695423ffe49e2deacb8cd10510bc361faac997de9efef88badc3bb9e2d1", size = 171679, upload-time = "2024-08-06T20:32:44.801Z" },
    { url = "https://files.pythonhosted.org/packages/7c/9a/337322f27005c33bcb656c655fa78325b730324c78620e8328ae28b64d0c/PyYAML-6.0.2-cp313-cp313-manylinux_2_17_aarch64.manylinux2014_aarch64.whl", hash = "sha256:0ffe8360bab4910ef1b9e87fb812d8bc0a308b0d0eef8c8f44e0254ab3b07133", size = 733428, upload-time = "2024-08-06T20:32:46.432Z" },
    { url = "https://files.pythonhosted.org/packages/a3/69/864fbe19e6c18ea3cc196cbe5d392175b4cf3d5d0ac1403ec3f2d237ebb5/PyYAML-6.0.2-cp313-cp313-manylinux_2_17_s390x.manylinux2014_s390x.whl", hash = "sha256:17e311b6c678207928d649faa7cb0d7b4c26a0ba73d41e99c4fff6b6c3276484", size = 763361, upload-time = "2024-08-06T20:32:51.188Z" },
    { url = "https://files.pythonhosted.org/packages/04/24/b7721e4845c2f162d26f50521b825fb061bc0a5afcf9a386840f23ea19fa/PyYAML-6.0.2-cp313-cp313-manylinux_2_17_x86_64.manylinux2014_x86_64.whl", hash = "sha256:70b189594dbe54f75ab3a1acec5f1e3faa7e8cf2f1e08d9b561cb41b845f69d5", size = 759523, upload-time = "2024-08-06T20:32:53.019Z" },
    { url = "https://files.pythonhosted.org/packages/2b/b2/e3234f59ba06559c6ff63c4e10baea10e5e7df868092bf9ab40e5b9c56b6/PyYAML-6.0.2-cp313-cp313-musllinux_1_1_aarch64.whl", hash = "sha256:41e4e3953a79407c794916fa277a82531dd93aad34e29c2a514c2c0c5fe971cc", size = 726660, upload-time = "2024-08-06T20:32:54.708Z" },
    { url = "https://files.pythonhosted.org/packages/fe/0f/25911a9f080464c59fab9027482f822b86bf0608957a5fcc6eaac85aa515/PyYAML-6.0.2-cp313-cp313-musllinux_1_1_x86_64.whl", hash = "sha256:68ccc6023a3400877818152ad9a1033e3db8625d899c72eacb5a668902e4d652", size = 751597, upload-time = "2024-08-06T20:32:56.985Z" },
    { url = "https://files.pythonhosted.org/packages/14/0d/e2c3b43bbce3cf6bd97c840b46088a3031085179e596d4929729d8d68270/PyYAML-6.0.2-cp313-cp313-win32.whl", hash = "sha256:bc2fa7c6b47d6bc618dd7fb02ef6fdedb1090ec036abab80d4681424b84c1183", size = 140527, upload-time = "2024-08-06T20:33:03.001Z" },
    { url = "https://files.pythonhosted.org/packages/fa/de/02b54f42487e3d3c6efb3f89428677074ca7bf43aae402517bc7cca949f3/PyYAML-6.0.2-cp313-cp313-win_amd64.whl", hash = "sha256:8388ee1976c416731879ac16da0aff3f63b286ffdd57cdeb95f3f2e085687563", size = 156446, upload-time = "2024-08-06T20:33:04.33Z" },
]

[[package]]
name = "rfc3986"
version = "2.0.0"
source = { registry = "https://pypi.org/simple" }
sdist = { url = "https://files.pythonhosted.org/packages/85/40/1520d68bfa07ab5a6f065a186815fb6610c86fe957bc065754e47f7b0840/rfc3986-2.0.0.tar.gz", hash = "sha256:97aacf9dbd4bfd829baad6e6309fa6573aaf1be3f6fa735c8ab05e46cecb261c", size = 49026, upload-time = "2022-01-10T00:52:30.832Z" }
wheels = [
    { url = "https://files.pythonhosted.org/packages/ff/9a/9afaade874b2fa6c752c36f1548f718b5b83af81ed9b76628329dab81c1b/rfc3986-2.0.0-py2.py3-none-any.whl", hash = "sha256:50b1502b60e289cb37883f3dfd34532b8873c7de9f49bb546641ce9cbd256ebd", size = 31326, upload-time = "2022-01-10T00:52:29.594Z" },
]

[[package]]
name = "ttihp-spi-ws2812"
version = "0.1.0"
source = { virtual = "." }
dependencies = [
    { name = "amaranth" },
    { name = "amaranth-yosys" },
    { name = "atomics" },
    { name = "cocotb" },
    { name = "pytest" },
    { name = "pyyaml" },
]

[package.metadata]
requires-dist = [
    { name = "amaranth", specifier = ">=0.5.7" },
    { name = "amaranth-yosys", specifier = ">=0.50.0.0.post115" },
    { name = "atomics", specifier = ">=1.0.3" },
    { name = "cocotb", specifier = ">=1.9.2" },
    { name = "pytest", specifier = ">=8.4.1" },
    { name = "pyyaml", specifier = ">=6.0.2" },
]

[[package]]
name = "wasmtime"
version = "36.0.0"
source = { registry = "https://pypi.org/simple" }
dependencies = [
    { name = "importlib-resources" },
]
sdist = { url = "https://files.pythonhosted.org/packages/6b/68/231035f96ba0798c0088b1ab0aa59403f5ec6b2fde2cbd5930d95acad7ff/wasmtime-36.0.0.tar.gz", hash = "sha256:e0523be4b2ebb1344a387fb4ce054a62acbcbc19671a7e7eeb166355d2f3004c", size = 147386, upload-time = "2025-08-20T17:33:11.103Z" }
wheels = [
    { url = "https://files.pythonhosted.org/packages/7a/3b/33fccbb066bcc84f195d0f6c6b4e038f4df8bf9596d24478fa143a7e4f27/wasmtime-36.0.0-py3-none-android_26_arm64_v8a.whl", hash = "sha256:eab97e2a54fcfd074dcbddf38d7397a0411914802e072f4fd30ed41c2a5604fe", size = 8649185, upload-time = "2025-08-20T17:32:51.925Z" },
    { url = "https://files.pythonhosted.org/packages/12/a9/60bdd9fe50daba4562b4d11e8cd156e7774ccc69fc87f1cd47ec3bd5aca3/wasmtime-36.0.0-py3-none-android_26_x86_64.whl", hash = "sha256:72c2186c11b255ea8c6874320973712eceb384f5d68594de4348e2a169437af0", size = 9366812, upload-time = "2025-08-20T17:32:53.903Z" },
    { url = "https://files.pythonhosted.org/packages/a4/85/5654a332a7f51108a672898414c2009cf362b268b514bae02b3f106c02b2/wasmtime-36.0.0-py3-none-any.whl", hash = "sha256:d1e41c3f832752982aced040168b4cea1144c39a5ed43882791b2e2975145ee3", size = 7588263, upload-time = "2025-08-20T17:32:55.935Z" },
    { url = "https://files.pythonhosted.org/packages/9f/65/abf6a435bba624b005d5d6ea3fb9285be662aa3ac7a80f97aeb29b1e1d60/wasmtime-36.0.0-py3-none-macosx_10_13_x86_64.whl", hash = "sha256:a8ff3bf20f84f3f092ef7bf216afa2706e496ef3e190fb90b88b13b9529ed035", size = 9006605, upload-time = "2025-08-20T17:32:57.658Z" },
    { url = "https://files.pythonhosted.org/packages/b4/52/297b9982b135e43ef060f899227aa5e0b3798198f17ee1e0f806bd247fcc/wasmtime-36.0.0-py3-none-macosx_11_0_arm64.whl", hash = "sha256:6396ca0178ceffb17464e3cf2b4beae0e0b1da5c95aa5d27ff094f2a7f41106e", size = 7881396, upload-time = "2025-08-20T17:32:59.857Z" },
    { url = "https://files.pythonhosted.org/packages/b1/63/cc69b41d6db6522adfc79627e7b9ad83d44797d525aae2a53f62d47d6e3e/wasmtime-36.0.0-py3-none-manylinux1_x86_64.whl", hash = "sha256:bca67a384a64a5d9164ebc48c106862881a6d2af67d0740ed29cc50847cbe6f5", size = 9691244, upload-time = "2025-08-20T17:33:01.364Z" },
    { url = "https://files.pythonhosted.org/packages/9b/fa/d8a27f073757bd2261455017c9c28f1d7343468931048f35c3f23a4f1b83/wasmtime-36.0.0-py3-none-manylinux2014_aarch64.whl", hash = "sha256:cd6f69bb744096b9bcca17863c463a96d08af86db1ccc0d74206a33892fac887", size = 8666149, upload-time = "2025-08-20T17:33:03.553Z" },
    { url = "https://files.pythonhosted.org/packages/9d/49/70f70d13dedc783b5894ab1f11bd696f0f1c0e8faabc6ae422ce5eb91a67/wasmtime-36.0.0-py3-none-musllinux_1_2_x86_64.whl", hash = "sha256:5ea87199a35616848e20060f3cc00c22d4b2a919fd72bdea4c62b6503ac2bccc", size = 9689298, upload-time = "2025-08-20T17:33:05.642Z" },
    { url = "https://files.pythonhosted.org/packages/ba/7d/0b45d172feba7488e67bf85f8f4254dd8c1dc99d6c1a3b9aa410f7a2d907/wasmtime-36.0.0-py3-none-win_amd64.whl", hash = "sha256:1e826960c02cbcf74cb91de41b63ff55ad6c9260e684fd4c315736b607642934", size = 7588270, upload-time = "2025-08-20T17:33:07.858Z" },
    { url = "https://files.pythonhosted.org/packages/cf/d5/6b59a7f194940e6cdece2516e46f919c006e639a85854dd548799e3d884f/wasmtime-36.0.0-py3-none-win_arm64.whl", hash = "sha256:de932f23d257917652358093226315aeed21a262fdc124fff3486d5dfa62b40b", size = 6604726, upload-time = "2025-08-20T17:33:09.642Z" },
]
